
Microsoft Visual Studio Solution File, Format Version 12.00
# Visual Studio Express 14 for Windows Desktop
VisualStudioVersion = 14.0.24720.0
MinimumVisualStudioVersion = 10.0.40219.1
Project("{FAE04EC0-301F-11D3-BF4B-00C04F79EFBC}") = "DTcheck", "DTcheck\DTcheck.csproj", "{C823C27A-E732-4D1F-82EA-2908616E31EC}"
EndProject
Global
	GlobalSection(SolutionConfigurationPlatforms) = preSolution
		Debug|Any CPU = Debug|Any CPU
		Release|Any CPU = Release|Any CPU
	EndGlobalSection
	GlobalSection(ProjectConfigurationPlatforms) = postSolution
		{C823C27A-E732-4D1F-82EA-2908616E31EC}.Debug|Any CPU.ActiveCfg = Debug|Any CPU
		{C823C27A-E732-4D1F-82EA-2908616E31EC}.Debug|Any CPU.Build.0 = Debug|Any CPU
		{C823C27A-E732-4D1F-82EA-2908616E31EC}.Release|Any CPU.ActiveCfg = Release|Any CPU
		{C823C27A-E732-4D1F-82EA-2908616E31EC}.Release|Any CPU.Build.0 = Release|Any CPU
	EndGlobalSection
	GlobalSection(SolutionProperties) = preSolution
		HideSolutionNode = FALSE
	EndGlobalSection
EndGlobal
